
Microsoft Visual Studio Solution File, Format Version 12.00
# Visual Studio Version 17
VisualStudioVersion = 17.11.35327.3
MinimumVisualStudioVersion = 10.0.40219.1
Project("{FAE04EC0-301F-11D3-BF4B-00C04F79EFBC}") = "Userhash", "Userhash\Userhash.csproj", "{C0C43CDF-CCD3-4C83-B25D-8E09754F4063}"
EndProject
Global
	GlobalSection(SolutionConfigurationPlatforms) = preSolution
		Debug|Any CPU = Debug|Any CPU
		Release|Any CPU = Release|Any CPU
	EndGlobalSection
	GlobalSection(ProjectConfigurationPlatforms) = postSolution
		{C0C43CDF-CCD3-4C83-B25D-8E09754F4063}.Debug|Any CPU.ActiveCfg = Debug|Any CPU
		{C0C43CDF-CCD3-4C83-B25D-8E09754F4063}.Debug|Any CPU.Build.0 = Debug|Any CPU
		{C0C43CDF-CCD3-4C83-B25D-8E09754F4063}.Release|Any CPU.ActiveCfg = Release|Any CPU
		{C0C43CDF-CCD3-4C83-B25D-8E09754F4063}.Release|Any CPU.Build.0 = Release|Any CPU
	EndGlobalSection
	GlobalSection(SolutionProperties) = preSolution
		HideSolutionNode = FALSE
	EndGlobalSection
	GlobalSection(ExtensibilityGlobals) = postSolution
		SolutionGuid = {EDC2D25D-F4AA-4B7C-A799-D689E33755C3}
	EndGlobalSection
EndGlobal
